
Microsoft Visual Studio Solution File, Format Version 12.00
# Visual Studio Version 16
VisualStudioVersion = 25.0.1704.0
MinimumVisualStudioVersion = 10.0.40219.1
Project("{FAE04EC0-301F-11D3-BF4B-00C04F79EFBC}") = "Week14OOP", "Week14OOP\Week14OOP.csproj", "{931DD426-C3EC-4EF7-A983-A7E6D213CD03}"
EndProject
Global
	GlobalSection(SolutionConfigurationPlatforms) = preSolution
		Debug|Any CPU = Debug|Any CPU
		Release|Any CPU = Release|Any CPU
	EndGlobalSection
	GlobalSection(ProjectConfigurationPlatforms) = postSolution
		{931DD426-C3EC-4EF7-A983-A7E6D213CD03}.Debug|Any CPU.ActiveCfg = Debug|Any CPU
		{931DD426-C3EC-4EF7-A983-A7E6D213CD03}.Debug|Any CPU.Build.0 = Debug|Any CPU
		{931DD426-C3EC-4EF7-A983-A7E6D213CD03}.Release|Any CPU.ActiveCfg = Release|Any CPU
		{931DD426-C3EC-4EF7-A983-A7E6D213CD03}.Release|Any CPU.Build.0 = Release|Any CPU
	EndGlobalSection
	GlobalSection(SolutionProperties) = preSolution
		HideSolutionNode = FALSE
	EndGlobalSection
	GlobalSection(ExtensibilityGlobals) = postSolution
		SolutionGuid = {EB5E60B9-50B5-481C-B757-83F3789DD5C5}
	EndGlobalSection
EndGlobal
